
Microsoft Visual Studio Solution File, Format Version 12.00
# Visual Studio Version 17
VisualStudioVersion = 17.6.33723.286
MinimumVisualStudioVersion = 10.0.40219.1
Project("{9A19103F-16F7-4668-BE54-9A1E7A4F7556}") = "MindShape.Lib", "MindShape.Lib\MindShape.Lib.csproj", "{431EBCB5-F83C-434A-BD28-859B1E015B4B}"
EndProject
Project("{9A19103F-16F7-4668-BE54-9A1E7A4F7556}") = "MindShape.Tests", "MindShape.Tests\MindShape.Tests.csproj", "{18A2C779-0775-4FF0-B735-8CDDAB3E6204}"
EndProject
Project("{2150E333-8FDC-42A3-9474-1A3956D46DE8}") = ".github", ".github", "{CA403A1F-7B2E-4ED6-B2DD-5FB5D3B52D8A}"
EndProject
Project("{2150E333-8FDC-42A3-9474-1A3956D46DE8}") = "workflows", "workflows", "{503C3ABD-BA2D-4ACF-B2F3-BEF284409B2A}"
	ProjectSection(SolutionItems) = preProject
		.github\workflows\cd.yml = .github\workflows\cd.yml
		.github\workflows\ci.yml = .github\workflows\ci.yml
	EndProjectSection
EndProject
Project("{00D1A9C2-B5F0-4AF3-8072-F6C62B433612}") = "Database", "Database\Database.sqlproj", "{032A38A2-3858-467C-9927-5F0C2EDEAF67}"
EndProject
Global
	GlobalSection(SolutionConfigurationPlatforms) = preSolution
		Debug|Any CPU = Debug|Any CPU
		Release|Any CPU = Release|Any CPU
	EndGlobalSection
	GlobalSection(ProjectConfigurationPlatforms) = postSolution
		{431EBCB5-F83C-434A-BD28-859B1E015B4B}.Debug|Any CPU.ActiveCfg = Debug|Any CPU
		{431EBCB5-F83C-434A-BD28-859B1E015B4B}.Debug|Any CPU.Build.0 = Debug|Any CPU
		{431EBCB5-F83C-434A-BD28-859B1E015B4B}.Release|Any CPU.ActiveCfg = Release|Any CPU
		{431EBCB5-F83C-434A-BD28-859B1E015B4B}.Release|Any CPU.Build.0 = Release|Any CPU
		{18A2C779-0775-4FF0-B735-8CDDAB3E6204}.Debug|Any CPU.ActiveCfg = Debug|Any CPU
		{18A2C779-0775-4FF0-B735-8CDDAB3E6204}.Debug|Any CPU.Build.0 = Debug|Any CPU
		{18A2C779-0775-4FF0-B735-8CDDAB3E6204}.Release|Any CPU.ActiveCfg = Release|Any CPU
		{18A2C779-0775-4FF0-B735-8CDDAB3E6204}.Release|Any CPU.Build.0 = Release|Any CPU
		{032A38A2-3858-467C-9927-5F0C2EDEAF67}.Debug|Any CPU.ActiveCfg = Debug|Any CPU
		{032A38A2-3858-467C-9927-5F0C2EDEAF67}.Debug|Any CPU.Build.0 = Debug|Any CPU
		{032A38A2-3858-467C-9927-5F0C2EDEAF67}.Debug|Any CPU.Deploy.0 = Debug|Any CPU
		{032A38A2-3858-467C-9927-5F0C2EDEAF67}.Release|Any CPU.ActiveCfg = Release|Any CPU
		{032A38A2-3858-467C-9927-5F0C2EDEAF67}.Release|Any CPU.Build.0 = Release|Any CPU
		{032A38A2-3858-467C-9927-5F0C2EDEAF67}.Release|Any CPU.Deploy.0 = Release|Any CPU
	EndGlobalSection
	GlobalSection(SolutionProperties) = preSolution
		HideSolutionNode = FALSE
	EndGlobalSection
	GlobalSection(NestedProjects) = preSolution
		{503C3ABD-BA2D-4ACF-B2F3-BEF284409B2A} = {CA403A1F-7B2E-4ED6-B2DD-5FB5D3B52D8A}
	EndGlobalSection
	GlobalSection(ExtensibilityGlobals) = postSolution
		SolutionGuid = {362F51F0-5AB7-4D50-BF2F-2113716C8403}
	EndGlobalSection
EndGlobal
